// !$*UTF8*$!
{
	archiveVersion = 1;
	classes = {
	};
	objectVersion = 51;
	objects = {

/* Begin PBXBuildFile section */
		A8538F6523E7BCAC00A916D9 /* AppDelegate.swift in Sources */ = {isa = PBXBuildFile; fileRef = A8538F6423E7BCAC00A916D9 /* AppDelegate.swift */; };
		A8538F6723E7BCAC00A916D9 /* ViewController.swift in Sources */ = {isa = PBXBuildFile; fileRef = A8538F6623E7BCAC00A916D9 /* ViewController.swift */; };
		A8538F6C23E7BCAC00A916D9 /* Main.storyboard in Resources */ = {isa = PBXBuildFile; fileRef = A8538F6A23E7BCAC00A916D9 /* Main.storyboard */; };
		A8538F6E23E7BCB000A916D9 /* Assets.xcassets in Resources */ = {isa = PBXBuildFile; fileRef = A8538F6D23E7BCB000A916D9 /* Assets.xcassets */; };
		A8538F7123E7BCB000A916D9 /* LaunchScreen.storyboard in Resources */ = {isa = PBXBuildFile; fileRef = A8538F6F23E7BCB000A916D9 /* LaunchScreen.storyboard */; };
		A86BEB77248E28450082F6FF /* iPOSBillingTests.swift in Sources */ = {isa = PBXBuildFile; fileRef = A86BEB76248E28450082F6FF /* iPOSBillingTests.swift */; };
		A86BEB85248E28B60082F6FF /* iPOSBillingUITests.swift in Sources */ = {isa = PBXBuildFile; fileRef = A86BEB84248E28B60082F6FF /* iPOSBillingUITests.swift */; };
		A87A8E9C23E8633B00049EF8 /* GoogleService-Info.plist in Resources */ = {isa = PBXBuildFile; fileRef = A87A8E9B23E8633B00049EF8 /* GoogleService-Info.plist */; };
		D80E289C28B48944003A2667 /* PersonalCRVF.swift in Sources */ = {isa = PBXBuildFile; fileRef = D80E289A28B48944003A2667 /* PersonalCRVF.swift */; };
		D80E289D28B48944003A2667 /* PersonalCRVF.xib in Resources */ = {isa = PBXBuildFile; fileRef = D80E289B28B48944003A2667 /* PersonalCRVF.xib */; };
		D80E28A828B4B53D003A2667 /* SFUIDisplay-Medium.otf in Resources */ = {isa = PBXBuildFile; fileRef = D80E289F28B4B53C003A2667 /* SFUIDisplay-Medium.otf */; };
		D80E28A928B4B53D003A2667 /* SFUIDisplay-Regular.otf in Resources */ = {isa = PBXBuildFile; fileRef = D80E28A028B4B53C003A2667 /* SFUIDisplay-Regular.otf */; };
		D80E28AA28B4B53D003A2667 /* SFUIDisplay-Thin.otf in Resources */ = {isa = PBXBuildFile; fileRef = D80E28A128B4B53D003A2667 /* SFUIDisplay-Thin.otf */; };
		D80E28AB28B4B53D003A2667 /* SFUIDisplay-Light.ttf in Resources */ = {isa = PBXBuildFile; fileRef = D80E28A228B4B53D003A2667 /* SFUIDisplay-Light.ttf */; };
		D80E28AC28B4B53D003A2667 /* SFUIDisplay-Heavy.otf in Resources */ = {isa = PBXBuildFile; fileRef = D80E28A328B4B53D003A2667 /* SFUIDisplay-Heavy.otf */; };
		D80E28AD28B4B53E003A2667 /* SFUIDisplay-Bold.ttf in Resources */ = {isa = PBXBuildFile; fileRef = D80E28A428B4B53D003A2667 /* SFUIDisplay-Bold.ttf */; };
		D80E28AE28B4B53E003A2667 /* SFUIDisplay-Semibold.otf in Resources */ = {isa = PBXBuildFile; fileRef = D80E28A528B4B53D003A2667 /* SFUIDisplay-Semibold.otf */; };
		D80E28AF28B4B53E003A2667 /* SFUIDisplay-Ultralight.otf in Resources */ = {isa = PBXBuildFile; fileRef = D80E28A628B4B53D003A2667 /* SFUIDisplay-Ultralight.otf */; };
		D80E28B028B4B53E003A2667 /* SFUIDisplay-Black.otf in Resources */ = {isa = PBXBuildFile; fileRef = D80E28A728B4B53D003A2667 /* SFUIDisplay-Black.otf */; };
		D83B57AB28B713330026BE17 /* DataCustomer.swift in Sources */ = {isa = PBXBuildFile; fileRef = D83B57AA28B713330026BE17 /* DataCustomer.swift */; };
		D83B57AE28B720950026BE17 /* LoadingCell.swift in Sources */ = {isa = PBXBuildFile; fileRef = D83B57AC28B720950026BE17 /* LoadingCell.swift */; };
		D83B57AF28B720950026BE17 /* LoadingCell.xib in Resources */ = {isa = PBXBuildFile; fileRef = D83B57AD28B720950026BE17 /* LoadingCell.xib */; };
		D83B57B228B735BD0026BE17 /* filterVC.swift in Sources */ = {isa = PBXBuildFile; fileRef = D83B57B028B735BD0026BE17 /* filterVC.swift */; };
		D83B57B328B735BD0026BE17 /* filterVC.xib in Resources */ = {isa = PBXBuildFile; fileRef = D83B57B128B735BD0026BE17 /* filterVC.xib */; };
		D83B57B628B755150026BE17 /* CusVc.swift in Sources */ = {isa = PBXBuildFile; fileRef = D83B57B428B755150026BE17 /* CusVc.swift */; };
		D83B57B728B755150026BE17 /* CusVc.xib in Resources */ = {isa = PBXBuildFile; fileRef = D83B57B528B755150026BE17 /* CusVc.xib */; };
		D83B57BA28B76C950026BE17 /* CusCell.swift in Sources */ = {isa = PBXBuildFile; fileRef = D83B57B828B76C950026BE17 /* CusCell.swift */; };
		D83B57BB28B76C950026BE17 /* CusCell.xib in Resources */ = {isa = PBXBuildFile; fileRef = D83B57B928B76C950026BE17 /* CusCell.xib */; };
		D848BA1F28B5BACD00D1F7AD /* UserModal.swift in Sources */ = {isa = PBXBuildFile; fileRef = D848BA1E28B5BACD00D1F7AD /* UserModal.swift */; };
		D848BA2B28B5C5BD00D1F7AD /* LoginnVc.swift in Sources */ = {isa = PBXBuildFile; fileRef = D848BA2928B5C5BD00D1F7AD /* LoginnVc.swift */; };
		D848BA2C28B5C5BD00D1F7AD /* LoginnVc.xib in Resources */ = {isa = PBXBuildFile; fileRef = D848BA2A28B5C5BD00D1F7AD /* LoginnVc.xib */; };
		D848BA2F28B5CC4800D1F7AD /* ApiRequest.swift in Sources */ = {isa = PBXBuildFile; fileRef = D848BA2E28B5CC4800D1F7AD /* ApiRequest.swift */; };
		D848BA3228B6189C00D1F7AD /* CompaniesModel.swift in Sources */ = {isa = PBXBuildFile; fileRef = D848BA3128B6189C00D1F7AD /* CompaniesModel.swift */; };
		D848BA3428B6192700D1F7AD /* BrandsModel.swift in Sources */ = {isa = PBXBuildFile; fileRef = D848BA3328B6192700D1F7AD /* BrandsModel.swift */; };
		D848BA3628B6196F00D1F7AD /* EContractsModel.swift in Sources */ = {isa = PBXBuildFile; fileRef = D848BA3528B6196F00D1F7AD /* EContractsModel.swift */; };
		D8719F2128ADF7DE00C72A6C /* HomeVC.swift in Sources */ = {isa = PBXBuildFile; fileRef = D8719F1F28ADF7DE00C72A6C /* HomeVC.swift */; };
		D8719F2228ADF7DE00C72A6C /* HomeVC.xib in Resources */ = {isa = PBXBuildFile; fileRef = D8719F2028ADF7DE00C72A6C /* HomeVC.xib */; };
		D8719F2928ADF84000C72A6C /* CustVC.swift in Sources */ = {isa = PBXBuildFile; fileRef = D8719F2728ADF84000C72A6C /* CustVC.swift */; };
		D8719F2A28ADF84000C72A6C /* CustVC.xib in Resources */ = {isa = PBXBuildFile; fileRef = D8719F2828ADF84000C72A6C /* CustVC.xib */; };
		D8719F2D28ADF85200C72A6C /* PersonalVC.swift in Sources */ = {isa = PBXBuildFile; fileRef = D8719F2B28ADF85200C72A6C /* PersonalVC.swift */; };
		D8719F3128ADFB2100C72A6C /* ReportVC.swift in Sources */ = {isa = PBXBuildFile; fileRef = D8719F2F28ADFB2100C72A6C /* ReportVC.swift */; };
		D8719F3228ADFB2100C72A6C /* ReportVC.xib in Resources */ = {isa = PBXBuildFile; fileRef = D8719F3028ADFB2100C72A6C /* ReportVC.xib */; };
		D8719F3528AE1B0600C72A6C /* PersonalCell.swift in Sources */ = {isa = PBXBuildFile; fileRef = D8719F3328AE1B0600C72A6C /* PersonalCell.swift */; };
		D8719F3628AE1B0600C72A6C /* PersonalCVC.xib in Resources */ = {isa = PBXBuildFile; fileRef = D8719F3428AE1B0600C72A6C /* PersonalCVC.xib */; };
		D8719F3C28AE217900C72A6C /* PersonalVC.xib in Resources */ = {isa = PBXBuildFile; fileRef = D8719F3B28AE217900C72A6C /* PersonalVC.xib */; };
		D8719F4728AF2A6C00C72A6C /* PersonalCRV.swift in Sources */ = {isa = PBXBuildFile; fileRef = D8719F4528AF2A6C00C72A6C /* PersonalCRV.swift */; };
		D8719F4828AF2A6C00C72A6C /* PersonalCRV.xib in Resources */ = {isa = PBXBuildFile; fileRef = D8719F4628AF2A6C00C72A6C /* PersonalCRV.xib */; };
		D8719F5428AF437900C72A6C /* DsCusVC.swift in Sources */ = {isa = PBXBuildFile; fileRef = D8719F5228AF437900C72A6C /* DsCusVC.swift */; };
		D8719F5528AF437900C72A6C /* DsCusVC.xib in Resources */ = {isa = PBXBuildFile; fileRef = D8719F5328AF437900C72A6C /* DsCusVC.xib */; };
		D8719F5828AF713800C72A6C /* DsCusTVc.swift in Sources */ = {isa = PBXBuildFile; fileRef = D8719F5628AF713800C72A6C /* DsCusTVc.swift */; };
		D8719F5928AF713800C72A6C /* DsCusTVc.xib in Resources */ = {isa = PBXBuildFile; fileRef = D8719F5728AF713800C72A6C /* DsCusTVc.xib */; };
		D898D9BA28C6EB88004FEEF6 /* CustomerActionCell.swift in Sources */ = {isa = PBXBuildFile; fileRef = D898D9B828C6EB88004FEEF6 /* CustomerActionCell.swift */; };
		D898D9BB28C6EB88004FEEF6 /* CustomerActionCell.xib in Resources */ = {isa = PBXBuildFile; fileRef = D898D9B928C6EB88004FEEF6 /* CustomerActionCell.xib */; };
		D8B2C87D28B328B4009CF3E4 /* CustomerModel.swift in Sources */ = {isa = PBXBuildFile; fileRef = D8B2C87C28B328B4009CF3E4 /* CustomerModel.swift */; };
		D8B2C87F28B32CC2009CF3E4 /* ItemsModel.swift in Sources */ = {isa = PBXBuildFile; fileRef = D8B2C87E28B32CC2009CF3E4 /* ItemsModel.swift */; };
		D8B2C88B28B3818B009CF3E4 /* ItemsGroupModal.swift in Sources */ = {isa = PBXBuildFile; fileRef = D8B2C88A28B3818B009CF3E4 /* ItemsGroupModal.swift */; };
		D8DA53DD28C5DE04002ABE04 /* leadPartnerModal.swift in Sources */ = {isa = PBXBuildFile; fileRef = D8DA53DC28C5DE04002ABE04 /* leadPartnerModal.swift */; };
		D8DA53DF28C5DEB2002ABE04 /* saleFollowsModal.swift in Sources */ = {isa = PBXBuildFile; fileRef = D8DA53DE28C5DEB2002ABE04 /* saleFollowsModal.swift */; };
		D8DA53E228C5EF78002ABE04 /* RuleBuyCell.swift in Sources */ = {isa = PBXBuildFile; fileRef = D8DA53E028C5EF78002ABE04 /* RuleBuyCell.swift */; };
		D8DA53E328C5EF78002ABE04 /* RuleBuyCell.xib in Resources */ = {isa = PBXBuildFile; fileRef = D8DA53E128C5EF78002ABE04 /* RuleBuyCell.xib */; };
		D8DA53E528C5F58F002ABE04 /* TableDataModal.swift in Sources */ = {isa = PBXBuildFile; fileRef = D8DA53E428C5F58F002ABE04 /* TableDataModal.swift */; };
		D8DA53E728C5F800002ABE04 /* ListTableData.swift in Sources */ = {isa = PBXBuildFile; fileRef = D8DA53E628C5F800002ABE04 /* ListTableData.swift */; };
		EE97EBE628ADEF6E00E9AD43 /* MainVC.swift in Sources */ = {isa = PBXBuildFile; fileRef = EE97EBE428ADEF6E00E9AD43 /* MainVC.swift */; };
		EE97EBE728ADEF6E00E9AD43 /* MainVC.xib in Resources */ = {isa = PBXBuildFile; fileRef = EE97EBE528ADEF6E00E9AD43 /* MainVC.xib */; };
		F09ECAD687399D2FB9162B71 /* Pods_iPOSBilling.framework in Frameworks */ = {isa = PBXBuildFile; fileRef = 6C89C6D73CD995ED3F54B8DF /* Pods_iPOSBilling.framework */; };
/* End PBXBuildFile section */

/* Begin PBXContainerItemProxy section */
		A86BEB79248E28460082F6FF /* PBXContainerItemProxy */ = {
			isa = PBXContainerItemProxy;
			containerPortal = A8538F5923E7BCAC00A916D9 /* Project object */;
			proxyType = 1;
			remoteGlobalIDString = A8538F6023E7BCAC00A916D9;
			remoteInfo = iPOSBilling;
		};
		A86BEB87248E28B60082F6FF /* PBXContainerItemProxy */ = {
			isa = PBXContainerItemProxy;
			containerPortal = A8538F5923E7BCAC00A916D9 /* Project object */;
			proxyType = 1;
			remoteGlobalIDString = A8538F6023E7BCAC00A916D9;
			remoteInfo = iPOSBilling;
		};
/* End PBXContainerItemProxy section */

/* Begin PBXFileReference section */
		27C714CE7F81EEEF666015DE /* Pods_STG.framework */ = {isa = PBXFileReference; explicitFileType = wrapper.framework; includeInIndex = 0; path = Pods_STG.framework; sourceTree = BUILT_PRODUCTS_DIR; };
		3780F784445F4C6BE43C9596 /* Pods-iPOSBilling.debug.xcconfig */ = {isa = PBXFileReference; includeInIndex = 1; lastKnownFileType = text.xcconfig; name = "Pods-iPOSBilling.debug.xcconfig"; path = "Target Support Files/Pods-iPOSBilling/Pods-iPOSBilling.debug.xcconfig"; sourceTree = "<group>"; };
		401484E375C7F1C52BB7506F /* Pods-STG.debug.xcconfig */ = {isa = PBXFileReference; includeInIndex = 1; lastKnownFileType = text.xcconfig; name = "Pods-STG.debug.xcconfig"; path = "Target Support Files/Pods-STG/Pods-STG.debug.xcconfig"; sourceTree = "<group>"; };
		6C89C6D73CD995ED3F54B8DF /* Pods_iPOSBilling.framework */ = {isa = PBXFileReference; explicitFileType = wrapper.framework; includeInIndex = 0; path = Pods_iPOSBilling.framework; sourceTree = BUILT_PRODUCTS_DIR; };
		A8451145243C25050073A38C /* iPOSBillingRelease.entitlements */ = {isa = PBXFileReference; lastKnownFileType = text.plist.entitlements; path = iPOSBillingRelease.entitlements; sourceTree = "<group>"; };
		A8451148243C3B5C0073A38C /* iPOSBilling.entitlements */ = {isa = PBXFileReference; lastKnownFileType = text.plist.entitlements; path = iPOSBilling.entitlements; sourceTree = "<group>"; };
		A8538F6123E7BCAC00A916D9 /* Hermes.app */ = {isa = PBXFileReference; explicitFileType = wrapper.application; includeInIndex = 0; path = Hermes.app; sourceTree = BUILT_PRODUCTS_DIR; };
		A8538F6423E7BCAC00A916D9 /* AppDelegate.swift */ = {isa = PBXFileReference; lastKnownFileType = sourcecode.swift; path = AppDelegate.swift; sourceTree = "<group>"; };
		A8538F6623E7BCAC00A916D9 /* ViewController.swift */ = {isa = PBXFileReference; lastKnownFileType = sourcecode.swift; path = ViewController.swift; sourceTree = "<group>"; };
		A8538F6B23E7BCAC00A916D9 /* Base */ = {isa = PBXFileReference; lastKnownFileType = file.storyboard; name = Base; path = Base.lproj/Main.storyboard; sourceTree = "<group>"; };
		A8538F6D23E7BCB000A916D9 /* Assets.xcassets */ = {isa = PBXFileReference; lastKnownFileType = folder.assetcatalog; path = Assets.xcassets; sourceTree = "<group>"; };
		A8538F7023E7BCB000A916D9 /* Base */ = {isa = PBXFileReference; lastKnownFileType = file.storyboard; name = Base; path = Base.lproj/LaunchScreen.storyboard; sourceTree = "<group>"; };
		A8538F7223E7BCB000A916D9 /* Info.plist */ = {isa = PBXFileReference; lastKnownFileType = text.plist.xml; path = Info.plist; sourceTree = "<group>"; };
		A86BEB74248E28450082F6FF /* iPOSBillingTests.xctest */ = {isa = PBXFileReference; explicitFileType = wrapper.cfbundle; includeInIndex = 0; path = iPOSBillingTests.xctest; sourceTree = BUILT_PRODUCTS_DIR; };
		A86BEB76248E28450082F6FF /* iPOSBillingTests.swift */ = {isa = PBXFileReference; lastKnownFileType = sourcecode.swift; path = iPOSBillingTests.swift; sourceTree = "<group>"; };
		A86BEB78248E28460082F6FF /* Info.plist */ = {isa = PBXFileReference; lastKnownFileType = text.plist.xml; path = Info.plist; sourceTree = "<group>"; };
		A86BEB82248E28B60082F6FF /* iPOSBillingUITests.xctest */ = {isa = PBXFileReference; explicitFileType = wrapper.cfbundle; includeInIndex = 0; path = iPOSBillingUITests.xctest; sourceTree = BUILT_PRODUCTS_DIR; };
		A86BEB84248E28B60082F6FF /* iPOSBillingUITests.swift */ = {isa = PBXFileReference; lastKnownFileType = sourcecode.swift; path = iPOSBillingUITests.swift; sourceTree = "<group>"; };
		A86BEB86248E28B60082F6FF /* Info.plist */ = {isa = PBXFileReference; lastKnownFileType = text.plist.xml; path = Info.plist; sourceTree = "<group>"; };
		A875F0CC2559937E002F48B0 /* UserNotifications.framework */ = {isa = PBXFileReference; lastKnownFileType = wrapper.framework; name = UserNotifications.framework; path = System/Library/Frameworks/UserNotifications.framework; sourceTree = SDKROOT; };
		A875F0CE2559937E002F48B0 /* UserNotificationsUI.framework */ = {isa = PBXFileReference; lastKnownFileType = wrapper.framework; name = UserNotificationsUI.framework; path = System/Library/Frameworks/UserNotificationsUI.framework; sourceTree = SDKROOT; };
		A87A8E9B23E8633B00049EF8 /* GoogleService-Info.plist */ = {isa = PBXFileReference; fileEncoding = 4; lastKnownFileType = text.plist.xml; path = "GoogleService-Info.plist"; sourceTree = "<group>"; };
		C2DF593F11728DCB8F9E9DE4 /* Pods-iPOSBilling.release.xcconfig */ = {isa = PBXFileReference; includeInIndex = 1; lastKnownFileType = text.xcconfig; name = "Pods-iPOSBilling.release.xcconfig"; path = "Target Support Files/Pods-iPOSBilling/Pods-iPOSBilling.release.xcconfig"; sourceTree = "<group>"; };
		C870D6D8658DAA6D5210CE88 /* Pods-STG.release.xcconfig */ = {isa = PBXFileReference; includeInIndex = 1; lastKnownFileType = text.xcconfig; name = "Pods-STG.release.xcconfig"; path = "Target Support Files/Pods-STG/Pods-STG.release.xcconfig"; sourceTree = "<group>"; };
		D80E289A28B48944003A2667 /* PersonalCRVF.swift */ = {isa = PBXFileReference; lastKnownFileType = sourcecode.swift; path = PersonalCRVF.swift; sourceTree = "<group>"; };
		D80E289B28B48944003A2667 /* PersonalCRVF.xib */ = {isa = PBXFileReference; lastKnownFileType = file.xib; path = PersonalCRVF.xib; sourceTree = "<group>"; };
		D80E289F28B4B53C003A2667 /* SFUIDisplay-Medium.otf */ = {isa = PBXFileReference; lastKnownFileType = file; name = "SFUIDisplay-Medium.otf"; path = "../../../SFUIDisplay/SFUIDisplay-Medium.otf"; sourceTree = "<group>"; };
		D80E28A028B4B53C003A2667 /* SFUIDisplay-Regular.otf */ = {isa = PBXFileReference; lastKnownFileType = file; name = "SFUIDisplay-Regular.otf"; path = "../../../SFUIDisplay/SFUIDisplay-Regular.otf"; sourceTree = "<group>"; };
		D80E28A128B4B53D003A2667 /* SFUIDisplay-Thin.otf */ = {isa = PBXFileReference; lastKnownFileType = file; name = "SFUIDisplay-Thin.otf"; path = "../../../SFUIDisplay/SFUIDisplay-Thin.otf"; sourceTree = "<group>"; };
		D80E28A228B4B53D003A2667 /* SFUIDisplay-Light.ttf */ = {isa = PBXFileReference; lastKnownFileType = file; name = "SFUIDisplay-Light.ttf"; path = "../../../SFUIDisplay/SFUIDisplay-Light.ttf"; sourceTree = "<group>"; };
		D80E28A328B4B53D003A2667 /* SFUIDisplay-Heavy.otf */ = {isa = PBXFileReference; lastKnownFileType = file; name = "SFUIDisplay-Heavy.otf"; path = "../../../SFUIDisplay/SFUIDisplay-Heavy.otf"; sourceTree = "<group>"; };
		D80E28A428B4B53D003A2667 /* SFUIDisplay-Bold.ttf */ = {isa = PBXFileReference; lastKnownFileType = file; name = "SFUIDisplay-Bold.ttf"; path = "../../../SFUIDisplay/SFUIDisplay-Bold.ttf"; sourceTree = "<group>"; };
		D80E28A528B4B53D003A2667 /* SFUIDisplay-Semibold.otf */ = {isa = PBXFileReference; lastKnownFileType = file; name = "SFUIDisplay-Semibold.otf"; path = "../../../SFUIDisplay/SFUIDisplay-Semibold.otf"; sourceTree = "<group>"; };
		D80E28A628B4B53D003A2667 /* SFUIDisplay-Ultralight.otf */ = {isa = PBXFileReference; lastKnownFileType = file; name = "SFUIDisplay-Ultralight.otf"; path = "../../../SFUIDisplay/SFUIDisplay-Ultralight.otf"; sourceTree = "<group>"; };
		D80E28A728B4B53D003A2667 /* SFUIDisplay-Black.otf */ = {isa = PBXFileReference; lastKnownFileType = file; name = "SFUIDisplay-Black.otf"; path = "../../../SFUIDisplay/SFUIDisplay-Black.otf"; sourceTree = "<group>"; };
		D83B57AA28B713330026BE17 /* DataCustomer.swift */ = {isa = PBXFileReference; lastKnownFileType = sourcecode.swift; path = DataCustomer.swift; sourceTree = "<group>"; };
		D83B57AC28B720950026BE17 /* LoadingCell.swift */ = {isa = PBXFileReference; lastKnownFileType = sourcecode.swift; path = LoadingCell.swift; sourceTree = "<group>"; };
		D83B57AD28B720950026BE17 /* LoadingCell.xib */ = {isa = PBXFileReference; lastKnownFileType = file.xib; path = LoadingCell.xib; sourceTree = "<group>"; };
		D83B57B028B735BD0026BE17 /* filterVC.swift */ = {isa = PBXFileReference; lastKnownFileType = sourcecode.swift; path = filterVC.swift; sourceTree = "<group>"; };
		D83B57B128B735BD0026BE17 /* filterVC.xib */ = {isa = PBXFileReference; lastKnownFileType = file.xib; path = filterVC.xib; sourceTree = "<group>"; };
		D83B57B428B755150026BE17 /* CusVc.swift */ = {isa = PBXFileReference; lastKnownFileType = sourcecode.swift; path = CusVc.swift; sourceTree = "<group>"; };
		D83B57B528B755150026BE17 /* CusVc.xib */ = {isa = PBXFileReference; lastKnownFileType = file.xib; path = CusVc.xib; sourceTree = "<group>"; };
		D83B57B828B76C950026BE17 /* CusCell.swift */ = {isa = PBXFileReference; lastKnownFileType = sourcecode.swift; path = CusCell.swift; sourceTree = "<group>"; };
		D83B57B928B76C950026BE17 /* CusCell.xib */ = {isa = PBXFileReference; lastKnownFileType = file.xib; path = CusCell.xib; sourceTree = "<group>"; };
		D848BA1E28B5BACD00D1F7AD /* UserModal.swift */ = {isa = PBXFileReference; lastKnownFileType = sourcecode.swift; path = UserModal.swift; sourceTree = "<group>"; };
		D848BA2928B5C5BD00D1F7AD /* LoginnVc.swift */ = {isa = PBXFileReference; lastKnownFileType = sourcecode.swift; path = LoginnVc.swift; sourceTree = "<group>"; };
		D848BA2A28B5C5BD00D1F7AD /* LoginnVc.xib */ = {isa = PBXFileReference; lastKnownFileType = file.xib; path = LoginnVc.xib; sourceTree = "<group>"; };
		D848BA2E28B5CC4800D1F7AD /* ApiRequest.swift */ = {isa = PBXFileReference; lastKnownFileType = sourcecode.swift; path = ApiRequest.swift; sourceTree = "<group>"; };
		D848BA3128B6189C00D1F7AD /* CompaniesModel.swift */ = {isa = PBXFileReference; lastKnownFileType = sourcecode.swift; path = CompaniesModel.swift; sourceTree = "<group>"; };
		D848BA3328B6192700D1F7AD /* BrandsModel.swift */ = {isa = PBXFileReference; lastKnownFileType = sourcecode.swift; path = BrandsModel.swift; sourceTree = "<group>"; };
		D848BA3528B6196F00D1F7AD /* EContractsModel.swift */ = {isa = PBXFileReference; lastKnownFileType = sourcecode.swift; path = EContractsModel.swift; sourceTree = "<group>"; };
		D8719F1F28ADF7DE00C72A6C /* HomeVC.swift */ = {isa = PBXFileReference; lastKnownFileType = sourcecode.swift; path = HomeVC.swift; sourceTree = "<group>"; };
		D8719F2028ADF7DE00C72A6C /* HomeVC.xib */ = {isa = PBXFileReference; lastKnownFileType = file.xib; path = HomeVC.xib; sourceTree = "<group>"; };
		D8719F2728ADF84000C72A6C /* CustVC.swift */ = {isa = PBXFileReference; lastKnownFileType = sourcecode.swift; path = CustVC.swift; sourceTree = "<group>"; };
		D8719F2828ADF84000C72A6C /* CustVC.xib */ = {isa = PBXFileReference; lastKnownFileType = file.xib; path = CustVC.xib; sourceTree = "<group>"; };
		D8719F2B28ADF85200C72A6C /* PersonalVC.swift */ = {isa = PBXFileReference; lastKnownFileType = sourcecode.swift; path = PersonalVC.swift; sourceTree = "<group>"; };
		D8719F2F28ADFB2100C72A6C /* ReportVC.swift */ = {isa = PBXFileReference; lastKnownFileType = sourcecode.swift; path = ReportVC.swift; sourceTree = "<group>"; };
		D8719F3028ADFB2100C72A6C /* ReportVC.xib */ = {isa = PBXFileReference; lastKnownFileType = file.xib; path = ReportVC.xib; sourceTree = "<group>"; };
		D8719F3328AE1B0600C72A6C /* PersonalCell.swift */ = {isa = PBXFileReference; lastKnownFileType = sourcecode.swift; path = PersonalCell.swift; sourceTree = "<group>"; };
		D8719F3428AE1B0600C72A6C /* PersonalCVC.xib */ = {isa = PBXFileReference; lastKnownFileType = file.xib; path = PersonalCVC.xib; sourceTree = "<group>"; };
		D8719F3B28AE217900C72A6C /* PersonalVC.xib */ = {isa = PBXFileReference; lastKnownFileType = file.xib; path = PersonalVC.xib; sourceTree = "<group>"; };
		D8719F4528AF2A6C00C72A6C /* PersonalCRV.swift */ = {isa = PBXFileReference; lastKnownFileType = sourcecode.swift; path = PersonalCRV.swift; sourceTree = "<group>"; };
		D8719F4628AF2A6C00C72A6C /* PersonalCRV.xib */ = {isa = PBXFileReference; lastKnownFileType = file.xib; path = PersonalCRV.xib; sourceTree = "<group>"; };
		D8719F5228AF437900C72A6C /* DsCusVC.swift */ = {isa = PBXFileReference; lastKnownFileType = sourcecode.swift; path = DsCusVC.swift; sourceTree = "<group>"; };
		D8719F5328AF437900C72A6C /* DsCusVC.xib */ = {isa = PBXFileReference; lastKnownFileType = file.xib; path = DsCusVC.xib; sourceTree = "<group>"; };
		D8719F5628AF713800C72A6C /* DsCusTVc.swift */ = {isa = PBXFileReference; lastKnownFileType = sourcecode.swift; path = DsCusTVc.swift; sourceTree = "<group>"; };
		D8719F5728AF713800C72A6C /* DsCusTVc.xib */ = {isa = PBXFileReference; lastKnownFileType = file.xib; path = DsCusTVc.xib; sourceTree = "<group>"; };
		D898D9B828C6EB88004FEEF6 /* CustomerActionCell.swift */ = {isa = PBXFileReference; lastKnownFileType = sourcecode.swift; path = CustomerActionCell.swift; sourceTree = "<group>"; };
		D898D9B928C6EB88004FEEF6 /* CustomerActionCell.xib */ = {isa = PBXFileReference; lastKnownFileType = file.xib; path = CustomerActionCell.xib; sourceTree = "<group>"; };
		D8B2C87C28B328B4009CF3E4 /* CustomerModel.swift */ = {isa = PBXFileReference; lastKnownFileType = sourcecode.swift; path = CustomerModel.swift; sourceTree = "<group>"; };
		D8B2C87E28B32CC2009CF3E4 /* ItemsModel.swift */ = {isa = PBXFileReference; lastKnownFileType = sourcecode.swift; path = ItemsModel.swift; sourceTree = "<group>"; };
		D8B2C88A28B3818B009CF3E4 /* ItemsGroupModal.swift */ = {isa = PBXFileReference; lastKnownFileType = sourcecode.swift; path = ItemsGroupModal.swift; sourceTree = "<group>"; };
		D8DA53DC28C5DE04002ABE04 /* leadPartnerModal.swift */ = {isa = PBXFileReference; lastKnownFileType = sourcecode.swift; path = leadPartnerModal.swift; sourceTree = "<group>"; };
		D8DA53DE28C5DEB2002ABE04 /* saleFollowsModal.swift */ = {isa = PBXFileReference; lastKnownFileType = sourcecode.swift; path = saleFollowsModal.swift; sourceTree = "<group>"; };
		D8DA53E028C5EF78002ABE04 /* RuleBuyCell.swift */ = {isa = PBXFileReference; lastKnownFileType = sourcecode.swift; path = RuleBuyCell.swift; sourceTree = "<group>"; };
		D8DA53E128C5EF78002ABE04 /* RuleBuyCell.xib */ = {isa = PBXFileReference; lastKnownFileType = file.xib; path = RuleBuyCell.xib; sourceTree = "<group>"; };
		D8DA53E428C5F58F002ABE04 /* TableDataModal.swift */ = {isa = PBXFileReference; lastKnownFileType = sourcecode.swift; path = TableDataModal.swift; sourceTree = "<group>"; };
		D8DA53E628C5F800002ABE04 /* ListTableData.swift */ = {isa = PBXFileReference; lastKnownFileType = sourcecode.swift; path = ListTableData.swift; sourceTree = "<group>"; };
		EE97EBE428ADEF6E00E9AD43 /* MainVC.swift */ = {isa = PBXFileReference; lastKnownFileType = sourcecode.swift; path = MainVC.swift; sourceTree = "<group>"; };
		EE97EBE528ADEF6E00E9AD43 /* MainVC.xib */ = {isa = PBXFileReference; lastKnownFileType = file.xib; path = MainVC.xib; sourceTree = "<group>"; };
/* End PBXFileReference section */

/* Begin PBXFrameworksBuildPhase section */
		A8538F5E23E7BCAC00A916D9 /* Frameworks */ = {
			isa = PBXFrameworksBuildPhase;
			buildActionMask = 2147483647;
			files = (
				F09ECAD687399D2FB9162B71 /* Pods_iPOSBilling.framework in Frameworks */,
			);
			runOnlyForDeploymentPostprocessing = 0;
		};
		A86BEB71248E28450082F6FF /* Frameworks */ = {
			isa = PBXFrameworksBuildPhase;
			buildActionMask = 2147483647;
			files = (
			);
			runOnlyForDeploymentPostprocessing = 0;
		};
		A86BEB7F248E28B60082F6FF /* Frameworks */ = {
			isa = PBXFrameworksBuildPhase;
			buildActionMask = 2147483647;
			files = (
			);
			runOnlyForDeploymentPostprocessing = 0;
		};
/* End PBXFrameworksBuildPhase section */

/* Begin PBXGroup section */
		0769C4AEA7C903EDF20E0392 /* Pods */ = {
			isa = PBXGroup;
			children = (
				401484E375C7F1C52BB7506F /* Pods-STG.debug.xcconfig */,
				C870D6D8658DAA6D5210CE88 /* Pods-STG.release.xcconfig */,
				3780F784445F4C6BE43C9596 /* Pods-iPOSBilling.debug.xcconfig */,
				C2DF593F11728DCB8F9E9DE4 /* Pods-iPOSBilling.release.xcconfig */,
			);
			path = Pods;
			sourceTree = "<group>";
		};
		A8538F5823E7BCAC00A916D9 = {
			isa = PBXGroup;
			children = (
				A8538F6323E7BCAC00A916D9 /* iPOSBilling */,
				A86BEB75248E28450082F6FF /* iPOSBillingTests */,
				A86BEB83248E28B60082F6FF /* iPOSBillingUITests */,
				A8538F6223E7BCAC00A916D9 /* Products */,
				0769C4AEA7C903EDF20E0392 /* Pods */,
				D26502A5EF3B67E98EA0A62A /* Frameworks */,
			);
			sourceTree = "<group>";
		};
		A8538F6223E7BCAC00A916D9 /* Products */ = {
			isa = PBXGroup;
			children = (
				A8538F6123E7BCAC00A916D9 /* Hermes.app */,
				A86BEB74248E28450082F6FF /* iPOSBillingTests.xctest */,
				A86BEB82248E28B60082F6FF /* iPOSBillingUITests.xctest */,
			);
			name = Products;
			sourceTree = "<group>";
		};
		A8538F6323E7BCAC00A916D9 /* iPOSBilling */ = {
			isa = PBXGroup;
			children = (
				D80E289E28B4B52B003A2667 /* Font */,
				D8B2C88228B330EC009CF3E4 /* View */,
				D8B2C88128B3306F009CF3E4 /* Controller */,
				D8B2C88028B32F04009CF3E4 /* Model */,
				A8451148243C3B5C0073A38C /* iPOSBilling.entitlements */,
				A8451145243C25050073A38C /* iPOSBillingRelease.entitlements */,
				A8538F6423E7BCAC00A916D9 /* AppDelegate.swift */,
				A8538F6623E7BCAC00A916D9 /* ViewController.swift */,
				A87A8E9B23E8633B00049EF8 /* GoogleService-Info.plist */,
				A8538F6A23E7BCAC00A916D9 /* Main.storyboard */,
				A8538F6D23E7BCB000A916D9 /* Assets.xcassets */,
				A8538F6F23E7BCB000A916D9 /* LaunchScreen.storyboard */,
				A8538F7223E7BCB000A916D9 /* Info.plist */,
			);
			path = iPOSBilling;
			sourceTree = "<group>";
		};
		A86BEB75248E28450082F6FF /* iPOSBillingTests */ = {
			isa = PBXGroup;
			children = (
				A86BEB76248E28450082F6FF /* iPOSBillingTests.swift */,
				A86BEB78248E28460082F6FF /* Info.plist */,
			);
			path = iPOSBillingTests;
			sourceTree = "<group>";
		};
		A86BEB83248E28B60082F6FF /* iPOSBillingUITests */ = {
			isa = PBXGroup;
			children = (
				A86BEB84248E28B60082F6FF /* iPOSBillingUITests.swift */,
				A86BEB86248E28B60082F6FF /* Info.plist */,
			);
			path = iPOSBillingUITests;
			sourceTree = "<group>";
		};
		D26502A5EF3B67E98EA0A62A /* Frameworks */ = {
			isa = PBXGroup;
			children = (
				A875F0CC2559937E002F48B0 /* UserNotifications.framework */,
				A875F0CE2559937E002F48B0 /* UserNotificationsUI.framework */,
				27C714CE7F81EEEF666015DE /* Pods_STG.framework */,
				6C89C6D73CD995ED3F54B8DF /* Pods_iPOSBilling.framework */,
			);
			name = Frameworks;
			sourceTree = "<group>";
		};
		D80E289E28B4B52B003A2667 /* Font */ = {
			isa = PBXGroup;
			children = (
				D80E28A728B4B53D003A2667 /* SFUIDisplay-Black.otf */,
				D80E28A428B4B53D003A2667 /* SFUIDisplay-Bold.ttf */,
				D80E28A328B4B53D003A2667 /* SFUIDisplay-Heavy.otf */,
				D80E289F28B4B53C003A2667 /* SFUIDisplay-Medium.otf */,
				D80E28A228B4B53D003A2667 /* SFUIDisplay-Light.ttf */,
				D80E28A028B4B53C003A2667 /* SFUIDisplay-Regular.otf */,
				D80E28A528B4B53D003A2667 /* SFUIDisplay-Semibold.otf */,
				D80E28A128B4B53D003A2667 /* SFUIDisplay-Thin.otf */,
				D80E28A628B4B53D003A2667 /* SFUIDisplay-Ultralight.otf */,
			);
			path = Font;
			sourceTree = "<group>";
		};
		D83B57BC28B76C9A0026BE17 /* Customer */ = {
			isa = PBXGroup;
			children = (
				D83B57B428B755150026BE17 /* CusVc.swift */,
				D83B57B528B755150026BE17 /* CusVc.xib */,
				D898D9BC28C6ED89004FEEF6 /* Cell */,
			);
			name = Customer;
			sourceTree = "<group>";
		};
		D848BA2428B5BB9000D1F7AD /* Auth */ = {
			isa = PBXGroup;
			children = (
				D848BA2928B5C5BD00D1F7AD /* LoginnVc.swift */,
				D848BA2A28B5C5BD00D1F7AD /* LoginnVc.xib */,
			);
			name = Auth;
			sourceTree = "<group>";
		};
		D848BA2D28B5CC2600D1F7AD /* APIRequest */ = {
			isa = PBXGroup;
			children = (
				D848BA2E28B5CC4800D1F7AD /* ApiRequest.swift */,
			);
			path = APIRequest;
			sourceTree = "<group>";
		};
		D848BA3028B6186700D1F7AD /* Customer */ = {
			isa = PBXGroup;
			children = (
				D8B2C87C28B328B4009CF3E4 /* CustomerModel.swift */,
				D848BA3128B6189C00D1F7AD /* CompaniesModel.swift */,
				D848BA3328B6192700D1F7AD /* BrandsModel.swift */,
				D848BA3528B6196F00D1F7AD /* EContractsModel.swift */,
				D83B57AA28B713330026BE17 /* DataCustomer.swift */,
				D8DA53DC28C5DE04002ABE04 /* leadPartnerModal.swift */,
				D8DA53DE28C5DEB2002ABE04 /* saleFollowsModal.swift */,
				D8DA53E428C5F58F002ABE04 /* TableDataModal.swift */,
				D8DA53E628C5F800002ABE04 /* ListTableData.swift */,
			);
			name = Customer;
			path = "Customẻ";
			sourceTree = "<group>";
		};
		D8719F3D28AE3EEA00C72A6C /* Personal */ = {
			isa = PBXGroup;
			children = (
				D8719F2B28ADF85200C72A6C /* PersonalVC.swift */,
				D8719F3B28AE217900C72A6C /* PersonalVC.xib */,
				D8719F4D28AF3F6300C72A6C /* CustummerList */,
			);
			path = Personal;
			sourceTree = "<group>";
		};
		D8719F3E28AE3F0C00C72A6C /* Main */ = {
			isa = PBXGroup;
			children = (
				EE97EBE428ADEF6E00E9AD43 /* MainVC.swift */,
				EE97EBE528ADEF6E00E9AD43 /* MainVC.xib */,
			);
			path = Main;
			sourceTree = "<group>";
		};
		D8719F3F28AE3F2D00C72A6C /* Report */ = {
			isa = PBXGroup;
			children = (
				D8719F2F28ADFB2100C72A6C /* ReportVC.swift */,
				D8719F3028ADFB2100C72A6C /* ReportVC.xib */,
			);
			path = Report;
			sourceTree = "<group>";
		};
		D8719F4028AE3F5300C72A6C /* Customer */ = {
			isa = PBXGroup;
			children = (
				D8719F2828ADF84000C72A6C /* CustVC.xib */,
				D8719F2728ADF84000C72A6C /* CustVC.swift */,
			);
			path = Customer;
			sourceTree = "<group>";
		};
		D8719F4D28AF3F6300C72A6C /* CustummerList */ = {
			isa = PBXGroup;
			children = (
				D8719F5228AF437900C72A6C /* DsCusVC.swift */,
				D8719F5328AF437900C72A6C /* DsCusVC.xib */,
			);
			name = CustummerList;
			path = "DS Khách hàng";
			sourceTree = "<group>";
		};
		D898D9BC28C6ED89004FEEF6 /* Cell */ = {
			isa = PBXGroup;
			children = (
				D83B57B828B76C950026BE17 /* CusCell.swift */,
				D83B57B928B76C950026BE17 /* CusCell.xib */,
				D8DA53E028C5EF78002ABE04 /* RuleBuyCell.swift */,
				D8DA53E128C5EF78002ABE04 /* RuleBuyCell.xib */,
				D898D9B828C6EB88004FEEF6 /* CustomerActionCell.swift */,
				D898D9B928C6EB88004FEEF6 /* CustomerActionCell.xib */,
			);
			path = Cell;
			sourceTree = "<group>";
		};
		D8B2C88028B32F04009CF3E4 /* Model */ = {
			isa = PBXGroup;
			children = (
				D848BA3028B6186700D1F7AD /* Customer */,
				D8B2C87E28B32CC2009CF3E4 /* ItemsModel.swift */,
				D8B2C88A28B3818B009CF3E4 /* ItemsGroupModal.swift */,
				D848BA1E28B5BACD00D1F7AD /* UserModal.swift */,
			);
			path = Model;
			sourceTree = "<group>";
		};
		D8B2C88128B3306F009CF3E4 /* Controller */ = {
			isa = PBXGroup;
			children = (
				D848BA2D28B5CC2600D1F7AD /* APIRequest */,
				D8B2C88828B331A0009CF3E4 /* Home */,
				D8719F3F28AE3F2D00C72A6C /* Report */,
				D8719F4028AE3F5300C72A6C /* Customer */,
				D8719F3E28AE3F0C00C72A6C /* Main */,
				D8719F3D28AE3EEA00C72A6C /* Personal */,
				D848BA2428B5BB9000D1F7AD /* Auth */,
			);
			path = Controller;
			sourceTree = "<group>";
		};
		D8B2C88228B330EC009CF3E4 /* View */ = {
			isa = PBXGroup;
			children = (
				D8B2C88728B33196009CF3E4 /* Main */,
				D8B2C88628B33178009CF3E4 /* Home */,
				D8B2C88528B3316F009CF3E4 /* Personal */,
				D8B2C88428B33168009CF3E4 /* Customer */,
				D8B2C88328B33160009CF3E4 /* Report */,
			);
			path = View;
			sourceTree = "<group>";
		};
		D8B2C88328B33160009CF3E4 /* Report */ = {
			isa = PBXGroup;
			children = (
			);
			path = Report;
			sourceTree = "<group>";
		};
		D8B2C88428B33168009CF3E4 /* Customer */ = {
			isa = PBXGroup;
			children = (
			);
			path = Customer;
			sourceTree = "<group>";
		};
		D8B2C88528B3316F009CF3E4 /* Personal */ = {
			isa = PBXGroup;
			children = (
				D8719F3328AE1B0600C72A6C /* PersonalCell.swift */,
				D8719F3428AE1B0600C72A6C /* PersonalCVC.xib */,
				D8719F4528AF2A6C00C72A6C /* PersonalCRV.swift */,
				D8719F4628AF2A6C00C72A6C /* PersonalCRV.xib */,
				D8B2C88928B331F0009CF3E4 /* CustomerList */,
				D80E289A28B48944003A2667 /* PersonalCRVF.swift */,
				D80E289B28B48944003A2667 /* PersonalCRVF.xib */,
			);
			path = Personal;
			sourceTree = "<group>";
		};
		D8B2C88628B33178009CF3E4 /* Home */ = {
			isa = PBXGroup;
			children = (
			);
			path = Home;
			sourceTree = "<group>";
		};
		D8B2C88728B33196009CF3E4 /* Main */ = {
			isa = PBXGroup;
			children = (
			);
			path = Main;
			sourceTree = "<group>";
		};
		D8B2C88828B331A0009CF3E4 /* Home */ = {
			isa = PBXGroup;
			children = (
				D8719F1F28ADF7DE00C72A6C /* HomeVC.swift */,
				D8719F2028ADF7DE00C72A6C /* HomeVC.xib */,
			);
			path = Home;
			sourceTree = "<group>";
		};
		D8B2C88928B331F0009CF3E4 /* CustomerList */ = {
			isa = PBXGroup;
			children = (
				D8719F5628AF713800C72A6C /* DsCusTVc.swift */,
				D8719F5728AF713800C72A6C /* DsCusTVc.xib */,
				D83B57AC28B720950026BE17 /* LoadingCell.swift */,
				D83B57AD28B720950026BE17 /* LoadingCell.xib */,
				D83B57B028B735BD0026BE17 /* filterVC.swift */,
				D83B57B128B735BD0026BE17 /* filterVC.xib */,
				D83B57BC28B76C9A0026BE17 /* Customer */,
			);
			path = CustomerList;
			sourceTree = "<group>";
		};
/* End PBXGroup section */

/* Begin PBXNativeTarget section */
		A8538F6023E7BCAC00A916D9 /* iPOSBilling */ = {
			isa = PBXNativeTarget;
			buildConfigurationList = A8538F7523E7BCB000A916D9 /* Build configuration list for PBXNativeTarget "iPOSBilling" */;
			buildPhases = (
				467C183CEA73D20679E54B67 /* [CP] Check Pods Manifest.lock */,
				A8538F5D23E7BCAC00A916D9 /* Sources */,
				A8538F5E23E7BCAC00A916D9 /* Frameworks */,
				A8538F5F23E7BCAC00A916D9 /* Resources */,
				69F293126882E1EC7EA0DE37 /* [CP] Embed Pods Frameworks */,
			);
			buildRules = (
			);
			dependencies = (
			);
			name = iPOSBilling;
			productName = iPOSBilling;
			productReference = A8538F6123E7BCAC00A916D9 /* Hermes.app */;
			productType = "com.apple.product-type.application";
		};
		A86BEB73248E28450082F6FF /* iPOSBillingTests */ = {
			isa = PBXNativeTarget;
			buildConfigurationList = A86BEB7B248E28460082F6FF /* Build configuration list for PBXNativeTarget "iPOSBillingTests" */;
			buildPhases = (
				A86BEB70248E28450082F6FF /* Sources */,
				A86BEB71248E28450082F6FF /* Frameworks */,
				A86BEB72248E28450082F6FF /* Resources */,
			);
			buildRules = (
			);
			dependencies = (
				A86BEB7A248E28460082F6FF /* PBXTargetDependency */,
			);
			name = iPOSBillingTests;
			productName = iPOSBillingTests;
			productReference = A86BEB74248E28450082F6FF /* iPOSBillingTests.xctest */;
			productType = "com.apple.product-type.bundle.unit-test";
		};
		A86BEB81248E28B60082F6FF /* iPOSBillingUITests */ = {
			isa = PBXNativeTarget;
			buildConfigurationList = A86BEB89248E28B60082F6FF /* Build configuration list for PBXNativeTarget "iPOSBillingUITests" */;
			buildPhases = (
				A86BEB7E248E28B60082F6FF /* Sources */,
				A86BEB7F248E28B60082F6FF /* Frameworks */,
				A86BEB80248E28B60082F6FF /* Resources */,
			);
			buildRules = (
			);
			dependencies = (
				A86BEB88248E28B60082F6FF /* PBXTargetDependency */,
			);
			name = iPOSBillingUITests;
			productName = iPOSBillingUITests;
			productReference = A86BEB82248E28B60082F6FF /* iPOSBillingUITests.xctest */;
			productType = "com.apple.product-type.bundle.ui-testing";
		};
/* End PBXNativeTarget section */

/* Begin PBXProject section */
		A8538F5923E7BCAC00A916D9 /* Project object */ = {
			isa = PBXProject;
			attributes = {
				LastSwiftUpdateCheck = 1130;
				LastUpgradeCheck = 1300;
				ORGANIZATIONNAME = "quan nguyen";
				TargetAttributes = {
					A8538F6023E7BCAC00A916D9 = {
						CreatedOnToolsVersion = 11.1;
					};
					A86BEB73248E28450082F6FF = {
						CreatedOnToolsVersion = 11.3.1;
						TestTargetID = A8538F6023E7BCAC00A916D9;
					};
					A86BEB81248E28B60082F6FF = {
						CreatedOnToolsVersion = 11.3.1;
						TestTargetID = A8538F6023E7BCAC00A916D9;
					};
				};
			};
			buildConfigurationList = A8538F5C23E7BCAC00A916D9 /* Build configuration list for PBXProject "iPOSBilling" */;
			compatibilityVersion = "Xcode 9.3";
			developmentRegion = en;
			hasScannedForEncodings = 0;
			knownRegions = (
				en,
				Base,
			);
			mainGroup = A8538F5823E7BCAC00A916D9;
			productRefGroup = A8538F6223E7BCAC00A916D9 /* Products */;
			projectDirPath = "";
			projectRoot = "";
			targets = (
				A8538F6023E7BCAC00A916D9 /* iPOSBilling */,
				A86BEB73248E28450082F6FF /* iPOSBillingTests */,
				A86BEB81248E28B60082F6FF /* iPOSBillingUITests */,
			);
		};
/* End PBXProject section */

/* Begin PBXResourcesBuildPhase section */
		A8538F5F23E7BCAC00A916D9 /* Resources */ = {
			isa = PBXResourcesBuildPhase;
			buildActionMask = 2147483647;
			files = (
				A8538F7123E7BCB000A916D9 /* LaunchScreen.storyboard in Resources */,
				D80E28AB28B4B53D003A2667 /* SFUIDisplay-Light.ttf in Resources */,
				A8538F6E23E7BCB000A916D9 /* Assets.xcassets in Resources */,
				D80E28AF28B4B53E003A2667 /* SFUIDisplay-Ultralight.otf in Resources */,
				D80E28AE28B4B53E003A2667 /* SFUIDisplay-Semibold.otf in Resources */,
				D848BA2C28B5C5BD00D1F7AD /* LoginnVc.xib in Resources */,
				D80E28AC28B4B53D003A2667 /* SFUIDisplay-Heavy.otf in Resources */,
				D8719F5928AF713800C72A6C /* DsCusTVc.xib in Resources */,
				D80E28AA28B4B53D003A2667 /* SFUIDisplay-Thin.otf in Resources */,
				D8719F3628AE1B0600C72A6C /* PersonalCVC.xib in Resources */,
				D80E289D28B48944003A2667 /* PersonalCRVF.xib in Resources */,
				D83B57BB28B76C950026BE17 /* CusCell.xib in Resources */,
				D8DA53E328C5EF78002ABE04 /* RuleBuyCell.xib in Resources */,
				D8719F5528AF437900C72A6C /* DsCusVC.xib in Resources */,
				A87A8E9C23E8633B00049EF8 /* GoogleService-Info.plist in Resources */,
				D80E28B028B4B53E003A2667 /* SFUIDisplay-Black.otf in Resources */,
				D8719F3228ADFB2100C72A6C /* ReportVC.xib in Resources */,
				D8719F2A28ADF84000C72A6C /* CustVC.xib in Resources */,
				D83B57B728B755150026BE17 /* CusVc.xib in Resources */,
				D8719F4828AF2A6C00C72A6C /* PersonalCRV.xib in Resources */,
				D80E28A928B4B53D003A2667 /* SFUIDisplay-Regular.otf in Resources */,
				D83B57AF28B720950026BE17 /* LoadingCell.xib in Resources */,
				EE97EBE728ADEF6E00E9AD43 /* MainVC.xib in Resources */,
				D80E28AD28B4B53E003A2667 /* SFUIDisplay-Bold.ttf in Resources */,
				A8538F6C23E7BCAC00A916D9 /* Main.storyboard in Resources */,
				D83B57B328B735BD0026BE17 /* filterVC.xib in Resources */,
				D80E28A828B4B53D003A2667 /* SFUIDisplay-Medium.otf in Resources */,
				D898D9BB28C6EB88004FEEF6 /* CustomerActionCell.xib in Resources */,
				D8719F3C28AE217900C72A6C /* PersonalVC.xib in Resources */,
				D8719F2228ADF7DE00C72A6C /* HomeVC.xib in Resources */,
			);
			runOnlyForDeploymentPostprocessing = 0;
		};
		A86BEB72248E28450082F6FF /* Resources */ = {
			isa = PBXResourcesBuildPhase;
			buildActionMask = 2147483647;
			files = (
			);
			runOnlyForDeploymentPostprocessing = 0;
		};
		A86BEB80248E28B60082F6FF /* Resources */ = {
			isa = PBXResourcesBuildPhase;
			buildActionMask = 2147483647;
			files = (
			);
			runOnlyForDeploymentPostprocessing = 0;
		};
/* End PBXResourcesBuildPhase section */

/* Begin PBXShellScriptBuildPhase section */
		467C183CEA73D20679E54B67 /* [CP] Check Pods Manifest.lock */ = {
			isa = PBXShellScriptBuildPhase;
			buildActionMask = 2147483647;
			files = (
			);
			inputFileListPaths = (
			);
			inputPaths = (
				"${PODS_PODFILE_DIR_PATH}/Podfile.lock",
				"${PODS_ROOT}/Manifest.lock",
			);
			name = "[CP] Check Pods Manifest.lock";
			outputFileListPaths = (
			);
			outputPaths = (
				"$(DERIVED_FILE_DIR)/Pods-iPOSBilling-checkManifestLockResult.txt",
			);
			runOnlyForDeploymentPostprocessing = 0;
			shellPath = /bin/sh;
			shellScript = "diff \"${PODS_PODFILE_DIR_PATH}/Podfile.lock\" \"${PODS_ROOT}/Manifest.lock\" > /dev/null\nif [ $? != 0 ] ; then\n    # print error to STDERR\n    echo \"error: The sandbox is not in sync with the Podfile.lock. Run 'pod install' or update your CocoaPods installation.\" >&2\n    exit 1\nfi\n# This output is used by Xcode 'outputs' to avoid re-running this script phase.\necho \"SUCCESS\" > \"${SCRIPT_OUTPUT_FILE_0}\"\n";
			showEnvVarsInLog = 0;
		};
		69F293126882E1EC7EA0DE37 /* [CP] Embed Pods Frameworks */ = {
			isa = PBXShellScriptBuildPhase;
			buildActionMask = 2147483647;
			files = (
			);
			inputFileListPaths = (
				"${PODS_ROOT}/Target Support Files/Pods-iPOSBilling/Pods-iPOSBilling-frameworks-${CONFIGURATION}-input-files.xcfilelist",
			);
			name = "[CP] Embed Pods Frameworks";
			outputFileListPaths = (
				"${PODS_ROOT}/Target Support Files/Pods-iPOSBilling/Pods-iPOSBilling-frameworks-${CONFIGURATION}-output-files.xcfilelist",
			);
			runOnlyForDeploymentPostprocessing = 0;
			shellPath = /bin/sh;
			shellScript = "\"${PODS_ROOT}/Target Support Files/Pods-iPOSBilling/Pods-iPOSBilling-frameworks.sh\"\n";
			showEnvVarsInLog = 0;
		};
/* End PBXShellScriptBuildPhase section */

/* Begin PBXSourcesBuildPhase section */
		A8538F5D23E7BCAC00A916D9 /* Sources */ = {
			isa = PBXSourcesBuildPhase;
			buildActionMask = 2147483647;
			files = (
				D83B57B628B755150026BE17 /* CusVc.swift in Sources */,
				D8DA53DF28C5DEB2002ABE04 /* saleFollowsModal.swift in Sources */,
				D8DA53E228C5EF78002ABE04 /* RuleBuyCell.swift in Sources */,
				D898D9BA28C6EB88004FEEF6 /* CustomerActionCell.swift in Sources */,
				D8719F3128ADFB2100C72A6C /* ReportVC.swift in Sources */,
				D8B2C87D28B328B4009CF3E4 /* CustomerModel.swift in Sources */,
				D83B57AE28B720950026BE17 /* LoadingCell.swift in Sources */,
				D848BA2B28B5C5BD00D1F7AD /* LoginnVc.swift in Sources */,
				D8DA53DD28C5DE04002ABE04 /* leadPartnerModal.swift in Sources */,
				D83B57AB28B713330026BE17 /* DataCustomer.swift in Sources */,
				D8719F2D28ADF85200C72A6C /* PersonalVC.swift in Sources */,
				D8DA53E728C5F800002ABE04 /* ListTableData.swift in Sources */,
				A8538F6723E7BCAC00A916D9 /* ViewController.swift in Sources */,
				D8B2C87F28B32CC2009CF3E4 /* ItemsModel.swift in Sources */,
				D83B57B228B735BD0026BE17 /* filterVC.swift in Sources */,
				D8719F4728AF2A6C00C72A6C /* PersonalCRV.swift in Sources */,
				D848BA1F28B5BACD00D1F7AD /* UserModal.swift in Sources */,
				D848BA3628B6196F00D1F7AD /* EContractsModel.swift in Sources */,
				D8719F5828AF713800C72A6C /* DsCusTVc.swift in Sources */,
				D8719F2128ADF7DE00C72A6C /* HomeVC.swift in Sources */,
				D80E289C28B48944003A2667 /* PersonalCRVF.swift in Sources */,
				D8719F3528AE1B0600C72A6C /* PersonalCell.swift in Sources */,
				D83B57BA28B76C950026BE17 /* CusCell.swift in Sources */,
				D8B2C88B28B3818B009CF3E4 /* ItemsGroupModal.swift in Sources */,
				D8DA53E528C5F58F002ABE04 /* TableDataModal.swift in Sources */,
				EE97EBE628ADEF6E00E9AD43 /* MainVC.swift in Sources */,
				D848BA2F28B5CC4800D1F7AD /* ApiRequest.swift in Sources */,
				D848BA3428B6192700D1F7AD /* BrandsModel.swift in Sources */,
				D8719F5428AF437900C72A6C /* DsCusVC.swift in Sources */,
				D8719F2928ADF84000C72A6C /* CustVC.swift in Sources */,
				D848BA3228B6189C00D1F7AD /* CompaniesModel.swift in Sources */,
				A8538F6523E7BCAC00A916D9 /* AppDelegate.swift in Sources */,
			);
			runOnlyForDeploymentPostprocessing = 0;
		};
		A86BEB70248E28450082F6FF /* Sources */ = {
			isa = PBXSourcesBuildPhase;
			buildActionMask = 2147483647;
			files = (
				A86BEB77248E28450082F6FF /* iPOSBillingTests.swift in Sources */,
			);
			runOnlyForDeploymentPostprocessing = 0;
		};
		A86BEB7E248E28B60082F6FF /* Sources */ = {
			isa = PBXSourcesBuildPhase;
			buildActionMask = 2147483647;
			files = (
				A86BEB85248E28B60082F6FF /* iPOSBillingUITests.swift in Sources */,
			);
			runOnlyForDeploymentPostprocessing = 0;
		};
/* End PBXSourcesBuildPhase section */

/* Begin PBXTargetDependency section */
		A86BEB7A248E28460082F6FF /* PBXTargetDependency */ = {
			isa = PBXTargetDependency;
			target = A8538F6023E7BCAC00A916D9 /* iPOSBilling */;
			targetProxy = A86BEB79248E28460082F6FF /* PBXContainerItemProxy */;
		};
		A86BEB88248E28B60082F6FF /* PBXTargetDependency */ = {
			isa = PBXTargetDependency;
			target = A8538F6023E7BCAC00A916D9 /* iPOSBilling */;
			targetProxy = A86BEB87248E28B60082F6FF /* PBXContainerItemProxy */;
		};
/* End PBXTargetDependency section */

/* Begin PBXVariantGroup section */
		A8538F6A23E7BCAC00A916D9 /* Main.storyboard */ = {
			isa = PBXVariantGroup;
			children = (
				A8538F6B23E7BCAC00A916D9 /* Base */,
			);
			name = Main.storyboard;
			sourceTree = "<group>";
		};
		A8538F6F23E7BCB000A916D9 /* LaunchScreen.storyboard */ = {
			isa = PBXVariantGroup;
			children = (
				A8538F7023E7BCB000A916D9 /* Base */,
			);
			name = LaunchScreen.storyboard;
			sourceTree = "<group>";
		};
/* End PBXVariantGroup section */

/* Begin XCBuildConfiguration section */
		A8538F7323E7BCB000A916D9 /* Debug */ = {
			isa = XCBuildConfiguration;
			buildSettings = {
				ALWAYS_SEARCH_USER_PATHS = NO;
				CLANG_ANALYZER_NONNULL = YES;
				CLANG_ANALYZER_NUMBER_OBJECT_CONVERSION = YES_AGGRESSIVE;
				CLANG_CXX_LANGUAGE_STANDARD = "gnu++14";
				CLANG_CXX_LIBRARY = "libc++";
				CLANG_ENABLE_MODULES = YES;
				CLANG_ENABLE_OBJC_ARC = YES;
				CLANG_ENABLE_OBJC_WEAK = YES;
				CLANG_WARN_BLOCK_CAPTURE_AUTORELEASING = YES;
				CLANG_WARN_BOOL_CONVERSION = YES;
				CLANG_WARN_COMMA = YES;
				CLANG_WARN_CONSTANT_CONVERSION = YES;
				CLANG_WARN_DEPRECATED_OBJC_IMPLEMENTATIONS = YES;
				CLANG_WARN_DIRECT_OBJC_ISA_USAGE = YES_ERROR;
				CLANG_WARN_DOCUMENTATION_COMMENTS = YES;
				CLANG_WARN_EMPTY_BODY = YES;
				CLANG_WARN_ENUM_CONVERSION = YES;
				CLANG_WARN_INFINITE_RECURSION = YES;
				CLANG_WARN_INT_CONVERSION = YES;
				CLANG_WARN_NON_LITERAL_NULL_CONVERSION = YES;
				CLANG_WARN_OBJC_IMPLICIT_RETAIN_SELF = YES;
				CLANG_WARN_OBJC_LITERAL_CONVERSION = YES;
				CLANG_WARN_OBJC_ROOT_CLASS = YES_ERROR;
				CLANG_WARN_QUOTED_INCLUDE_IN_FRAMEWORK_HEADER = YES;
				CLANG_WARN_RANGE_LOOP_ANALYSIS = YES;
				CLANG_WARN_STRICT_PROTOTYPES = YES;
				CLANG_WARN_SUSPICIOUS_MOVE = YES;
				CLANG_WARN_UNGUARDED_AVAILABILITY = YES_AGGRESSIVE;
				CLANG_WARN_UNREACHABLE_CODE = YES;
				CLANG_WARN__DUPLICATE_METHOD_MATCH = YES;
				COPY_PHASE_STRIP = NO;
				DEBUG_INFORMATION_FORMAT = dwarf;
				DEVELOPMENT_TEAM = BEPJCM3XC9;
				ENABLE_STRICT_OBJC_MSGSEND = YES;
				ENABLE_TESTABILITY = YES;
				EXCLUDED_ARCHS = arm64;
				GCC_C_LANGUAGE_STANDARD = gnu11;
				GCC_DYNAMIC_NO_PIC = NO;
				GCC_NO_COMMON_BLOCKS = YES;
				GCC_OPTIMIZATION_LEVEL = 0;
				GCC_PREPROCESSOR_DEFINITIONS = (
					"DEBUG=1",
					"$(inherited)",
				);
				GCC_WARN_64_TO_32_BIT_CONVERSION = YES;
				GCC_WARN_ABOUT_RETURN_TYPE = YES_ERROR;
				GCC_WARN_UNDECLARED_SELECTOR = YES;
				GCC_WARN_UNINITIALIZED_AUTOS = YES_AGGRESSIVE;
				GCC_WARN_UNUSED_FUNCTION = YES;
				GCC_WARN_UNUSED_VARIABLE = YES;
				IPHONEOS_DEPLOYMENT_TARGET = 12.0;
				MTL_ENABLE_DEBUG_INFO = INCLUDE_SOURCE;
				MTL_FAST_MATH = YES;
				ONLY_ACTIVE_ARCH = YES;
				SDKROOT = iphoneos;
				SWIFT_ACTIVE_COMPILATION_CONDITIONS = DEBUG;
				SWIFT_OPTIMIZATION_LEVEL = "-Onone";
			};
			name = Debug;
		};
		A8538F7423E7BCB000A916D9 /* Release */ = {
			isa = XCBuildConfiguration;
			buildSettings = {
				ALWAYS_SEARCH_USER_PATHS = NO;
				CLANG_ANALYZER_NONNULL = YES;
				CLANG_ANALYZER_NUMBER_OBJECT_CONVERSION = YES_AGGRESSIVE;
				CLANG_CXX_LANGUAGE_STANDARD = "gnu++14";
				CLANG_CXX_LIBRARY = "libc++";
				CLANG_ENABLE_MODULES = YES;
				CLANG_ENABLE_OBJC_ARC = YES;
				CLANG_ENABLE_OBJC_WEAK = YES;
				CLANG_WARN_BLOCK_CAPTURE_AUTORELEASING = YES;
				CLANG_WARN_BOOL_CONVERSION = YES;
				CLANG_WARN_COMMA = YES;
				CLANG_WARN_CONSTANT_CONVERSION = YES;
				CLANG_WARN_DEPRECATED_OBJC_IMPLEMENTATIONS = YES;
				CLANG_WARN_DIRECT_OBJC_ISA_USAGE = YES_ERROR;
				CLANG_WARN_DOCUMENTATION_COMMENTS = YES;
				CLANG_WARN_EMPTY_BODY = YES;
				CLANG_WARN_ENUM_CONVERSION = YES;
				CLANG_WARN_INFINITE_RECURSION = YES;
				CLANG_WARN_INT_CONVERSION = YES;
				CLANG_WARN_NON_LITERAL_NULL_CONVERSION = YES;
				CLANG_WARN_OBJC_IMPLICIT_RETAIN_SELF = YES;
				CLANG_WARN_OBJC_LITERAL_CONVERSION = YES;
				CLANG_WARN_OBJC_ROOT_CLASS = YES_ERROR;
				CLANG_WARN_QUOTED_INCLUDE_IN_FRAMEWORK_HEADER = YES;
				CLANG_WARN_RANGE_LOOP_ANALYSIS = YES;
				CLANG_WARN_STRICT_PROTOTYPES = YES;
				CLANG_WARN_SUSPICIOUS_MOVE = YES;
				CLANG_WARN_UNGUARDED_AVAILABILITY = YES_AGGRESSIVE;
				CLANG_WARN_UNREACHABLE_CODE = YES;
				CLANG_WARN__DUPLICATE_METHOD_MATCH = YES;
				COPY_PHASE_STRIP = NO;
				DEBUG_INFORMATION_FORMAT = "dwarf-with-dsym";
				DEVELOPMENT_TEAM = BEPJCM3XC9;
				ENABLE_NS_ASSERTIONS = NO;
				ENABLE_STRICT_OBJC_MSGSEND = YES;
				EXCLUDED_ARCHS = "";
				GCC_C_LANGUAGE_STANDARD = gnu11;
				GCC_NO_COMMON_BLOCKS = YES;
				GCC_WARN_64_TO_32_BIT_CONVERSION = YES;
				GCC_WARN_ABOUT_RETURN_TYPE = YES_ERROR;
				GCC_WARN_UNDECLARED_SELECTOR = YES;
				GCC_WARN_UNINITIALIZED_AUTOS = YES_AGGRESSIVE;
				GCC_WARN_UNUSED_FUNCTION = YES;
				GCC_WARN_UNUSED_VARIABLE = YES;
				IPHONEOS_DEPLOYMENT_TARGET = 12.0;
				MTL_ENABLE_DEBUG_INFO = NO;
				MTL_FAST_MATH = YES;
				SDKROOT = iphoneos;
				SWIFT_COMPILATION_MODE = wholemodule;
				SWIFT_OPTIMIZATION_LEVEL = "-O";
				VALIDATE_PRODUCT = YES;
			};
			name = Release;
		};
		A8538F7623E7BCB000A916D9 /* Debug */ = {
			isa = XCBuildConfiguration;
			baseConfigurationReference = 3780F784445F4C6BE43C9596 /* Pods-iPOSBilling.debug.xcconfig */;
			buildSettings = {
				ARCHS = "$(ARCHS_STANDARD)";
				ASSETCATALOG_COMPILER_APPICON_NAME = AppIcon;
				CODE_SIGN_ENTITLEMENTS = iPOSBilling/iPOSBilling.entitlements;
				CODE_SIGN_IDENTITY = "iPhone Developer";
				CODE_SIGN_STYLE = Manual;
				CURRENT_PROJECT_VERSION = 211;
				DEBUG_INFORMATION_FORMAT = "dwarf-with-dsym";
				DEVELOPMENT_TEAM = BEPJCM3XC9;
				ENABLE_BITCODE = YES;
				EXCLUDED_ARCHS = "";
				"EXCLUDED_ARCHS[sdk=iphonesimulator*]" = arm64;
				INFOPLIST_FILE = iPOSBilling/Info.plist;
				IPHONEOS_DEPLOYMENT_TARGET = 12.0;
				LD_RUNPATH_SEARCH_PATHS = (
					"$(inherited)",
					"@executable_path/Frameworks",
				);
				MARKETING_VERSION = 3.06.1;
				PRODUCT_BUNDLE_IDENTIFIER = com.ipos.billing;
				PRODUCT_NAME = Hermes;
				PROVISIONING_PROFILE_SPECIFIER = "Billing Dev";
				SWIFT_VERSION = 5.0;
				TARGETED_DEVICE_FAMILY = 1;
				WARNING_CFLAGS = (
					"-Wall",
					"-Wextra",
					"-Weverything",
				);
			};
			name = Debug;
		};
		A8538F7723E7BCB000A916D9 /* Release */ = {
			isa = XCBuildConfiguration;
			baseConfigurationReference = C2DF593F11728DCB8F9E9DE4 /* Pods-iPOSBilling.release.xcconfig */;
			buildSettings = {
				ARCHS = "$(ARCHS_STANDARD)";
				ASSETCATALOG_COMPILER_APPICON_NAME = AppIcon;
				CODE_SIGN_ENTITLEMENTS = iPOSBilling/iPOSBillingRelease.entitlements;
				CODE_SIGN_IDENTITY = "iPhone Distribution";
				CODE_SIGN_STYLE = Manual;
				CURRENT_PROJECT_VERSION = 211;
				DEVELOPMENT_TEAM = BEPJCM3XC9;
				ENABLE_BITCODE = YES;
				EXCLUDED_ARCHS = "";
				INFOPLIST_FILE = iPOSBilling/Info.plist;
				IPHONEOS_DEPLOYMENT_TARGET = 12.0;
				LD_RUNPATH_SEARCH_PATHS = (
					"$(inherited)",
					"@executable_path/Frameworks",
				);
				MARKETING_VERSION = 3.06.1;
				PRODUCT_BUNDLE_IDENTIFIER = com.ipos.billing;
				PRODUCT_NAME = Hermes;
				PROVISIONING_PROFILE_SPECIFIER = "iPOS Billing Appstore";
				SWIFT_VERSION = 5.0;
				TARGETED_DEVICE_FAMILY = 1;
				WARNING_CFLAGS = (
					"-Wall",
					"-Wextra",
					"-Weverything",
				);
			};
			name = Release;
		};
		A86BEB7C248E28460082F6FF /* Debug */ = {
			isa = XCBuildConfiguration;
			buildSettings = {
				BUNDLE_LOADER = "$(TEST_HOST)";
				CODE_SIGN_STYLE = Automatic;
				DEVELOPMENT_TEAM = BEPJCM3XC9;
				INFOPLIST_FILE = iPOSBillingTests/Info.plist;
				IPHONEOS_DEPLOYMENT_TARGET = 13.2;
				LD_RUNPATH_SEARCH_PATHS = (
					"$(inherited)",
					"@executable_path/Frameworks",
					"@loader_path/Frameworks",
				);
				PRODUCT_BUNDLE_IDENTIFIER = com.foodbook.iPOSBillingTests;
				PRODUCT_NAME = "$(TARGET_NAME)";
				SWIFT_VERSION = 5.0;
				TARGETED_DEVICE_FAMILY = "1,2";
				TEST_HOST = "$(BUILT_PRODUCTS_DIR)/iPOSBilling.app/iPOSBilling";
			};
			name = Debug;
		};
		A86BEB7D248E28460082F6FF /* Release */ = {
			isa = XCBuildConfiguration;
			buildSettings = {
				BUNDLE_LOADER = "$(TEST_HOST)";
				CODE_SIGN_STYLE = Automatic;
				DEVELOPMENT_TEAM = BEPJCM3XC9;
				INFOPLIST_FILE = iPOSBillingTests/Info.plist;
				IPHONEOS_DEPLOYMENT_TARGET = 13.2;
				LD_RUNPATH_SEARCH_PATHS = (
					"$(inherited)",
					"@executable_path/Frameworks",
					"@loader_path/Frameworks",
				);
				PRODUCT_BUNDLE_IDENTIFIER = com.foodbook.iPOSBillingTests;
				PRODUCT_NAME = "$(TARGET_NAME)";
				SWIFT_VERSION = 5.0;
				TARGETED_DEVICE_FAMILY = "1,2";
				TEST_HOST = "$(BUILT_PRODUCTS_DIR)/iPOSBilling.app/iPOSBilling";
			};
			name = Release;
		};
		A86BEB8A248E28B60082F6FF /* Debug */ = {
			isa = XCBuildConfiguration;
			buildSettings = {
				CODE_SIGN_STYLE = Automatic;
				DEVELOPMENT_TEAM = BEPJCM3XC9;
				INFOPLIST_FILE = iPOSBillingUITests/Info.plist;
				IPHONEOS_DEPLOYMENT_TARGET = 13.2;
				LD_RUNPATH_SEARCH_PATHS = (
					"$(inherited)",
					"@executable_path/Frameworks",
					"@loader_path/Frameworks",
				);
				PRODUCT_BUNDLE_IDENTIFIER = com.foodbook.iPOSBillingUITests;
				PRODUCT_NAME = "$(TARGET_NAME)";
				SWIFT_VERSION = 5.0;
				TARGETED_DEVICE_FAMILY = "1,2";
				TEST_TARGET_NAME = iPOSBilling;
			};
			name = Debug;
		};
		A86BEB8B248E28B60082F6FF /* Release */ = {
			isa = XCBuildConfiguration;
			buildSettings = {
				CODE_SIGN_STYLE = Automatic;
				DEVELOPMENT_TEAM = BEPJCM3XC9;
				INFOPLIST_FILE = iPOSBillingUITests/Info.plist;
				IPHONEOS_DEPLOYMENT_TARGET = 13.2;
				LD_RUNPATH_SEARCH_PATHS = (
					"$(inherited)",
					"@executable_path/Frameworks",
					"@loader_path/Frameworks",
				);
				PRODUCT_BUNDLE_IDENTIFIER = com.foodbook.iPOSBillingUITests;
				PRODUCT_NAME = "$(TARGET_NAME)";
				SWIFT_VERSION = 5.0;
				TARGETED_DEVICE_FAMILY = "1,2";
				TEST_TARGET_NAME = iPOSBilling;
			};
			name = Release;
		};
/* End XCBuildConfiguration section */

/* Begin XCConfigurationList section */
		A8538F5C23E7BCAC00A916D9 /* Build configuration list for PBXProject "iPOSBilling" */ = {
			isa = XCConfigurationList;
			buildConfigurations = (
				A8538F7323E7BCB000A916D9 /* Debug */,
				A8538F7423E7BCB000A916D9 /* Release */,
			);
			defaultConfigurationIsVisible = 0;
			defaultConfigurationName = Release;
		};
		A8538F7523E7BCB000A916D9 /* Build configuration list for PBXNativeTarget "iPOSBilling" */ = {
			isa = XCConfigurationList;
			buildConfigurations = (
				A8538F7623E7BCB000A916D9 /* Debug */,
				A8538F7723E7BCB000A916D9 /* Release */,
			);
			defaultConfigurationIsVisible = 0;
			defaultConfigurationName = Release;
		};
		A86BEB7B248E28460082F6FF /* Build configuration list for PBXNativeTarget "iPOSBillingTests" */ = {
			isa = XCConfigurationList;
			buildConfigurations = (
				A86BEB7C248E28460082F6FF /* Debug */,
				A86BEB7D248E28460082F6FF /* Release */,
			);
			defaultConfigurationIsVisible = 0;
			defaultConfigurationName = Release;
		};
		A86BEB89248E28B60082F6FF /* Build configuration list for PBXNativeTarget "iPOSBillingUITests" */ = {
			isa = XCConfigurationList;
			buildConfigurations = (
				A86BEB8A248E28B60082F6FF /* Debug */,
				A86BEB8B248E28B60082F6FF /* Release */,
			);
			defaultConfigurationIsVisible = 0;
			defaultConfigurationName = Release;
		};
/* End XCConfigurationList section */
	};
	rootObject = A8538F5923E7BCAC00A916D9 /* Project object */;
}
